
Microsoft Visual Studio Solution File, Format Version 12.00
# Visual Studio Version 16
VisualStudioVersion = 16.0.30717.126
MinimumVisualStudioVersion = 10.0.40219.1
Project("{FAE04EC0-301F-11D3-BF4B-00C04F79EFBC}") = "TheErrorApp", "TheErrorApp\TheErrorApp.csproj", "{DBC211CE-2CB6-4F02-90AB-DF182CCD68DC}"
EndProject
Project("{FAE04EC0-301F-11D3-BF4B-00C04F79EFBC}") = "DAL", "DAL\DAL.csproj", "{62B782C6-3CA0-4CDA-B5CD-C6018172B500}"
EndProject
Project("{FAE04EC0-301F-11D3-BF4B-00C04F79EFBC}") = "BLL", "BLL\BLL.csproj", "{B6C62C49-532A-482C-82D0-926BE20C87FC}"
EndProject
Global
	GlobalSection(SolutionConfigurationPlatforms) = preSolution
		Debug|Any CPU = Debug|Any CPU
		Release|Any CPU = Release|Any CPU
	EndGlobalSection
	GlobalSection(ProjectConfigurationPlatforms) = postSolution
		{DBC211CE-2CB6-4F02-90AB-DF182CCD68DC}.Debug|Any CPU.ActiveCfg = Debug|Any CPU
		{DBC211CE-2CB6-4F02-90AB-DF182CCD68DC}.Debug|Any CPU.Build.0 = Debug|Any CPU
		{DBC211CE-2CB6-4F02-90AB-DF182CCD68DC}.Release|Any CPU.ActiveCfg = Release|Any CPU
		{DBC211CE-2CB6-4F02-90AB-DF182CCD68DC}.Release|Any CPU.Build.0 = Release|Any CPU
		{62B782C6-3CA0-4CDA-B5CD-C6018172B500}.Debug|Any CPU.ActiveCfg = Debug|Any CPU
		{62B782C6-3CA0-4CDA-B5CD-C6018172B500}.Debug|Any CPU.Build.0 = Debug|Any CPU
		{62B782C6-3CA0-4CDA-B5CD-C6018172B500}.Release|Any CPU.ActiveCfg = Release|Any CPU
		{62B782C6-3CA0-4CDA-B5CD-C6018172B500}.Release|Any CPU.Build.0 = Release|Any CPU
		{B6C62C49-532A-482C-82D0-926BE20C87FC}.Debug|Any CPU.ActiveCfg = Debug|Any CPU
		{B6C62C49-532A-482C-82D0-926BE20C87FC}.Debug|Any CPU.Build.0 = Debug|Any CPU
		{B6C62C49-532A-482C-82D0-926BE20C87FC}.Release|Any CPU.ActiveCfg = Release|Any CPU
		{B6C62C49-532A-482C-82D0-926BE20C87FC}.Release|Any CPU.Build.0 = Release|Any CPU
	EndGlobalSection
	GlobalSection(SolutionProperties) = preSolution
		HideSolutionNode = FALSE
	EndGlobalSection
	GlobalSection(ExtensibilityGlobals) = postSolution
		SolutionGuid = {3094E1F2-8B78-43D6-8BC2-215A296CBC17}
	EndGlobalSection
EndGlobal
